
Microsoft Visual Studio Solution File, Format Version 12.00
# Visual Studio 15
VisualStudioVersion = 15.0.28307.168
MinimumVisualStudioVersion = 10.0.40219.1
Project("{FAE04EC0-301F-11D3-BF4B-00C04F79EFBC}") = "S3MDZ_Chat", "S3MDZ_Chat\S3MDZ_Chat.csproj", "{AB1DD411-5976-46E7-AB54-794DFAFF50F8}"
EndProject
Global
	GlobalSection(SolutionConfigurationPlatforms) = preSolution
		Debug|Any CPU = Debug|Any CPU
		Release|Any CPU = Release|Any CPU
	EndGlobalSection
	GlobalSection(ProjectConfigurationPlatforms) = postSolution
		{AB1DD411-5976-46E7-AB54-794DFAFF50F8}.Debug|Any CPU.ActiveCfg = Debug|Any CPU
		{AB1DD411-5976-46E7-AB54-794DFAFF50F8}.Debug|Any CPU.Build.0 = Debug|Any CPU
		{AB1DD411-5976-46E7-AB54-794DFAFF50F8}.Release|Any CPU.ActiveCfg = Release|Any CPU
		{AB1DD411-5976-46E7-AB54-794DFAFF50F8}.Release|Any CPU.Build.0 = Release|Any CPU
	EndGlobalSection
	GlobalSection(SolutionProperties) = preSolution
		HideSolutionNode = FALSE
	EndGlobalSection
	GlobalSection(ExtensibilityGlobals) = postSolution
		SolutionGuid = {ACABEA8A-2080-4A7B-84A0-A45BD7E0AEB6}
	EndGlobalSection
EndGlobal
